{
  "version": 3,
  "targets": {
    ".NETCoreApp,Version=v3.1": {
      "LibTestCM1/1.0.0": {
        "type": "package",
        "dependencies": {
          "Newtonsoft.Json": "9.0.1"
        },
        "compile": {
          "lib/netstandard2.0/LibTestCM1.dll": {}
        },
        "runtime": {
          "lib/netstandard2.0/LibTestCM1.dll": {}
        }
      },
      "Newtonsoft.Json/12.0.3": {
        "type": "package",
        "compile": {
          "lib/netstandard2.0/Newtonsoft.Json.dll": {}
        },
        "runtime": {
          "lib/netstandard2.0/Newtonsoft.Json.dll": {}
        }
      }
    }
  },
  "libraries": {
    "LibTestCM1/1.0.0": {
      "sha512": "QS4JgnOw3wiHJkk+bCjJnU69h86SmtuV1bpGAZwi5+uK/MYh5CLcwXjqcyO0JJgt9sHp9UdU/oSUk5fKqs1fOQ==",
      "type": "package",
      "path": "libtestcm1/1.0.0",
      "files": [
        ".nupkg.metadata",
        ".signature.p7s",
        "lib/netstandard2.0/LibTestCM1.dll",
        "libtestcm1.1.0.0.nupkg.sha512",
        "libtestcm1.nuspec"
      ]
    },
    "Newtonsoft.Json/12.0.3": {
      "sha512": "6mgjfnRB4jKMlzHSl+VD+oUc1IebOZabkbyWj2RiTgWwYPPuaK1H97G1sHqGwPlS5npiF5Q0OrxN1wni2n5QWg==",
      "type": "package",
      "path": "newtonsoft.json/12.0.3",
      "files": [
        ".nupkg.metadata",
        ".signature.p7s",
        "LICENSE.md",
        "lib/net20/Newtonsoft.Json.dll",
        "lib/net20/Newtonsoft.Json.xml",
        "lib/net35/Newtonsoft.Json.dll",
        "lib/net35/Newtonsoft.Json.xml",
        "lib/net40/Newtonsoft.Json.dll",
        "lib/net40/Newtonsoft.Json.xml",
        "lib/net45/Newtonsoft.Json.dll",
        "lib/net45/Newtonsoft.Json.xml",
        "lib/netstandard1.0/Newtonsoft.Json.dll",
        "lib/netstandard1.0/Newtonsoft.Json.xml",
        "lib/netstandard1.3/Newtonsoft.Json.dll",
        "lib/netstandard1.3/Newtonsoft.Json.xml",
        "lib/netstandard2.0/Newtonsoft.Json.dll",
        "lib/netstandard2.0/Newtonsoft.Json.xml",
        "lib/portable-net40+sl5+win8+wp8+wpa81/Newtonsoft.Json.dll",
        "lib/portable-net40+sl5+win8+wp8+wpa81/Newtonsoft.Json.xml",
        "lib/portable-net45+win8+wp8+wpa81/Newtonsoft.Json.dll",
        "lib/portable-net45+win8+wp8+wpa81/Newtonsoft.Json.xml",
        "newtonsoft.json.12.0.3.nupkg.sha512",
        "newtonsoft.json.nuspec",
        "packageIcon.png"
      ]
    }
  },
  "projectFileDependencyGroups": {
    ".NETCoreApp,Version=v3.1": [
      "LibTestCM1 >= 1.0.0",
      "Newtonsoft.Json >= 12.0.3"
    ]
  },
  "packageFolders": {
    "C:\\Users\\cmanu\\.nuget\\packages\\": {}
  },
  "project": {
    "version": "1.0.0",
    "restore": {
      "projectUniqueName": "D:\\Git\\tools\\samples\\Paket\\TestProject\\TestProject.csproj",
      "projectName": "TestProject",
      "projectPath": "D:\\Git\\tools\\samples\\Paket\\TestProject\\TestProject.csproj",
      "packagesPath": "C:\\Users\\cmanu\\.nuget\\packages\\",
      "outputPath": "D:\\Git\\tools\\samples\\Paket\\TestProject\\obj\\",
      "projectStyle": "PackageReference",
      "crossTargeting": true,
      "configFilePaths": [
        "C:\\Users\\cmanu\\AppData\\Roaming\\NuGet\\NuGet.Config",
        "C:\\Program Files (x86)\\NuGet\\Config\\Microsoft.VisualStudio.Offline.config"
      ],
      "originalTargetFrameworks": [
        "netcoreapp3.1"
      ],
      "sources": {
        "C:\\Program Files (x86)\\Microsoft SDKs\\NuGetPackages\\": {},
        "https://api.nuget.org/v3/index.json": {},
        "https://dotnet.myget.org/F/nuget-build/api/v3/index.json": {}
      },
      "frameworks": {
        "netcoreapp3.1": {
          "targetAlias": "netcoreapp3.1",
          "projectReferences": {}
        }
      },
      "warningProperties": {
        "noWarn": [
          "NU1603",
          "NU1604",
          "NU1605",
          "NU1608"
        ],
        "warnAsError": [
          "NU1605"
        ]
      },
      "restoreLockProperties": {
        "restorePackagesWithLockFile": "false"
      }
    },
    "frameworks": {
      "netcoreapp3.1": {
        "targetAlias": "netcoreapp3.1",
        "dependencies": {
          "LibTestCM1": {
            "target": "Package",
            "version": "[1.0.0, )"
          },
          "Newtonsoft.Json": {
            "target": "Package",
            "version": "[12.0.3, )"
          }
        },
        "imports": [
          "net461",
          "net462",
          "net47",
          "net471",
          "net472",
          "net48"
        ],
        "assetTargetFallback": true,
        "warn": true,
        "frameworkReferences": {
          "Microsoft.NETCore.App": {
            "privateAssets": "all"
          }
        },
        "runtimeIdentifierGraphPath": "C:\\Program Files\\dotnet\\sdk\\5.0.100-rc.1.20452.10\\RuntimeIdentifierGraph.json"
      }
    }
  }
}