{
  "version": 3,
  "targets": {
    ".NETCoreApp,Version=v3.1": {
      "LibTestCM1/1.0.0": {
        "type": "package",
        "dependencies": {
          "Newtonsoft.Json": "9.0.1"
        },
        "compile": {
          "lib/netstandard2.0/LibTestCM1.dll": {}
        },
        "runtime": {
          "lib/netstandard2.0/LibTestCM1.dll": {}
        }
      },
      "Newtonsoft.Json/12.0.3": {
        "type": "package",
        "compile": {
          "lib/netstandard2.0/Newtonsoft.Json.dll": {}
        },
        "runtime": {
          "lib/netstandard2.0/Newtonsoft.Json.dll": {}
        }
      },
      "xunit/2.4.0": {
        "type": "package",
        "dependencies": {
          "xunit.analyzers": "0.10.0",
          "xunit.assert": "[2.4.0]",
          "xunit.core": "[2.4.0]"
        }
      },
      "xunit.abstractions/2.0.3": {
        "type": "package",
        "compile": {
          "lib/netstandard2.0/xunit.abstractions.dll": {}
        },
        "runtime": {
          "lib/netstandard2.0/xunit.abstractions.dll": {}
        }
      },
      "xunit.analyzers/0.10.0": {
        "type": "package"
      },
      "xunit.assert/2.4.0": {
        "type": "package",
        "compile": {
          "lib/netstandard2.0/xunit.assert.dll": {}
        },
        "runtime": {
          "lib/netstandard2.0/xunit.assert.dll": {}
        }
      },
      "xunit.core/2.4.0": {
        "type": "package",
        "dependencies": {
          "xunit.extensibility.core": "[2.4.0]",
          "xunit.extensibility.execution": "[2.4.0]"
        },
        "build": {
          "build/xunit.core.props": {},
          "build/xunit.core.targets": {}
        },
        "buildMultiTargeting": {
          "buildMultiTargeting/xunit.core.props": {},
          "buildMultiTargeting/xunit.core.targets": {}
        }
      },
      "xunit.extensibility.core/2.4.0": {
        "type": "package",
        "dependencies": {
          "xunit.abstractions": "2.0.2"
        },
        "compile": {
          "lib/netstandard2.0/xunit.core.dll": {}
        },
        "runtime": {
          "lib/netstandard2.0/xunit.core.dll": {}
        }
      },
      "xunit.extensibility.execution/2.4.0": {
        "type": "package",
        "dependencies": {
          "xunit.extensibility.core": "[2.4.0]"
        },
        "compile": {
          "lib/netstandard2.0/xunit.execution.dotnet.dll": {}
        },
        "runtime": {
          "lib/netstandard2.0/xunit.execution.dotnet.dll": {}
        }
      }
    }
  },
  "libraries": {
    "LibTestCM1/1.0.0": {
      "sha512": "QS4JgnOw3wiHJkk+bCjJnU69h86SmtuV1bpGAZwi5+uK/MYh5CLcwXjqcyO0JJgt9sHp9UdU/oSUk5fKqs1fOQ==",
      "type": "package",
      "path": "libtestcm1/1.0.0",
      "files": [
        ".nupkg.metadata",
        ".signature.p7s",
        "lib/netstandard2.0/LibTestCM1.dll",
        "libtestcm1.1.0.0.nupkg.sha512",
        "libtestcm1.nuspec"
      ]
    },
    "Newtonsoft.Json/12.0.3": {
      "sha512": "6mgjfnRB4jKMlzHSl+VD+oUc1IebOZabkbyWj2RiTgWwYPPuaK1H97G1sHqGwPlS5npiF5Q0OrxN1wni2n5QWg==",
      "type": "package",
      "path": "newtonsoft.json/12.0.3",
      "files": [
        ".nupkg.metadata",
        ".signature.p7s",
        "LICENSE.md",
        "lib/net20/Newtonsoft.Json.dll",
        "lib/net20/Newtonsoft.Json.xml",
        "lib/net35/Newtonsoft.Json.dll",
        "lib/net35/Newtonsoft.Json.xml",
        "lib/net40/Newtonsoft.Json.dll",
        "lib/net40/Newtonsoft.Json.xml",
        "lib/net45/Newtonsoft.Json.dll",
        "lib/net45/Newtonsoft.Json.xml",
        "lib/netstandard1.0/Newtonsoft.Json.dll",
        "lib/netstandard1.0/Newtonsoft.Json.xml",
        "lib/netstandard1.3/Newtonsoft.Json.dll",
        "lib/netstandard1.3/Newtonsoft.Json.xml",
        "lib/netstandard2.0/Newtonsoft.Json.dll",
        "lib/netstandard2.0/Newtonsoft.Json.xml",
        "lib/portable-net40+sl5+win8+wp8+wpa81/Newtonsoft.Json.dll",
        "lib/portable-net40+sl5+win8+wp8+wpa81/Newtonsoft.Json.xml",
        "lib/portable-net45+win8+wp8+wpa81/Newtonsoft.Json.dll",
        "lib/portable-net45+win8+wp8+wpa81/Newtonsoft.Json.xml",
        "newtonsoft.json.12.0.3.nupkg.sha512",
        "newtonsoft.json.nuspec",
        "packageIcon.png"
      ]
    },
    "xunit/2.4.0": {
      "sha512": "NL00nGsDsyWc1CWxz5FXXjLpW9oFG18WJoTPCyhNv4KGP/e5iLJqAqgM1uaJZyQ6WaTtmWIy4yjYP3RdcaT7Vw==",
      "type": "package",
      "path": "xunit/2.4.0",
      "files": [
        ".nupkg.metadata",
        ".signature.p7s",
        "xunit.2.4.0.nupkg.sha512",
        "xunit.nuspec"
      ]
    },
    "xunit.abstractions/2.0.3": {
      "sha512": "pot1I4YOxlWjIb5jmwvvQNbTrZ3lJQ+jUGkGjWE3hEFM0l5gOnBWS+H3qsex68s5cO52g+44vpGzhAt+42vwKg==",
      "type": "package",
      "path": "xunit.abstractions/2.0.3",
      "files": [
        ".nupkg.metadata",
        ".signature.p7s",
        "lib/net35/xunit.abstractions.dll",
        "lib/net35/xunit.abstractions.xml",
        "lib/netstandard1.0/xunit.abstractions.dll",
        "lib/netstandard1.0/xunit.abstractions.xml",
        "lib/netstandard2.0/xunit.abstractions.dll",
        "lib/netstandard2.0/xunit.abstractions.xml",
        "xunit.abstractions.2.0.3.nupkg.sha512",
        "xunit.abstractions.nuspec"
      ]
    },
    "xunit.analyzers/0.10.0": {
      "sha512": "4/IDFCJfIeg6bix9apmUtIMwvOsiwqdEexeO/R2D4GReIGPLIRODTpId/l4LRSrAJk9lEO3Zx1H0Zx6uohJDNg==",
      "type": "package",
      "path": "xunit.analyzers/0.10.0",
      "hasTools": true,
      "files": [
        ".nupkg.metadata",
        ".signature.p7s",
        "analyzers/dotnet/cs/xunit.analyzers.dll",
        "tools/install.ps1",
        "tools/uninstall.ps1",
        "xunit.analyzers.0.10.0.nupkg.sha512",
        "xunit.analyzers.nuspec"
      ]
    },
    "xunit.assert/2.4.0": {
      "sha512": "Swvkm6iTjZr8TiUj5vMnmfG+2dD4s/BIBgsVOzTxxmoq2ndGsmM2WIL4wuqJ8RhxydWIDOPpIaaytjT2pMTEdg==",
      "type": "package",
      "path": "xunit.assert/2.4.0",
      "files": [
        ".nupkg.metadata",
        ".signature.p7s",
        "lib/netstandard1.1/xunit.assert.dll",
        "lib/netstandard1.1/xunit.assert.xml",
        "lib/netstandard2.0/xunit.assert.dll",
        "lib/netstandard2.0/xunit.assert.xml",
        "xunit.assert.2.4.0.nupkg.sha512",
        "xunit.assert.nuspec"
      ]
    },
    "xunit.core/2.4.0": {
      "sha512": "BJ/O/tPEcHUCwQYuwqXoYccTMyw6B5dA6yh7WxWWBhKbjqTsG9RWL0nCQXM5yQYJwUuFzBkiXDPN1BO6UdBB4Q==",
      "type": "package",
      "path": "xunit.core/2.4.0",
      "files": [
        ".nupkg.metadata",
        ".signature.p7s",
        "build/xunit.core.props",
        "build/xunit.core.targets",
        "buildMultiTargeting/xunit.core.props",
        "buildMultiTargeting/xunit.core.targets",
        "xunit.core.2.4.0.nupkg.sha512",
        "xunit.core.nuspec"
      ]
    },
    "xunit.extensibility.core/2.4.0": {
      "sha512": "qr/KrR6uukHXD9e/lLQjyCPfMEDuvvhNFDzsYzCF2kKlYKiqcADfUvA9Q68rBtKFtwHFeghjWEuv15KoGD2SfA==",
      "type": "package",
      "path": "xunit.extensibility.core/2.4.0",
      "files": [
        ".nupkg.metadata",
        ".signature.p7s",
        "lib/net452/xunit.core.dll",
        "lib/net452/xunit.core.dll.tdnet",
        "lib/net452/xunit.core.xml",
        "lib/net452/xunit.runner.tdnet.dll",
        "lib/net452/xunit.runner.utility.net452.dll",
        "lib/netstandard1.1/xunit.core.dll",
        "lib/netstandard1.1/xunit.core.xml",
        "lib/netstandard2.0/xunit.core.dll",
        "lib/netstandard2.0/xunit.core.xml",
        "xunit.extensibility.core.2.4.0.nupkg.sha512",
        "xunit.extensibility.core.nuspec"
      ]
    },
    "xunit.extensibility.execution/2.4.0": {
      "sha512": "252Dzn7i5bMPKtAL15aOP3qJhxKd+57I8ldwIQRJa745JxQuiBu5Da0vtIISVTtc3buRSkBwVnD9iUzsEmCzZA==",
      "type": "package",
      "path": "xunit.extensibility.execution/2.4.0",
      "files": [
        ".nupkg.metadata",
        ".signature.p7s",
        "lib/net452/xunit.execution.desktop.dll",
        "lib/net452/xunit.execution.desktop.xml",
        "lib/netstandard1.1/xunit.execution.dotnet.dll",
        "lib/netstandard1.1/xunit.execution.dotnet.xml",
        "lib/netstandard2.0/xunit.execution.dotnet.dll",
        "lib/netstandard2.0/xunit.execution.dotnet.xml",
        "xunit.extensibility.execution.2.4.0.nupkg.sha512",
        "xunit.extensibility.execution.nuspec"
      ]
    }
  },
  "projectFileDependencyGroups": {
    ".NETCoreApp,Version=v3.1": [
      "LibTestCM1 >= 1.0.0",
      "Newtonsoft.Json >= 12.0.3",
      "xunit >= 2.4.0",
      "xunit.abstractions >= 2.0.3",
      "xunit.analyzers >= 0.10.0",
      "xunit.assert >= 2.4.0",
      "xunit.core >= 2.4.0",
      "xunit.extensibility.core >= 2.4.0",
      "xunit.extensibility.execution >= 2.4.0"
    ]
  },
  "packageFolders": {
    "C:\\Users\\cmanu\\.nuget\\packages\\": {}
  },
  "project": {
    "version": "1.0.0",
    "restore": {
      "projectUniqueName": "D:\\Git\\tools\\samples\\Paket\\TestProject\\TestProject.csproj",
      "projectName": "TestProject",
      "projectPath": "D:\\Git\\tools\\samples\\Paket\\TestProject\\TestProject.csproj",
      "packagesPath": "C:\\Users\\cmanu\\.nuget\\packages\\",
      "outputPath": "D:\\Git\\tools\\samples\\Paket\\TestProject\\obj\\",
      "projectStyle": "PackageReference",
      "crossTargeting": true,
      "configFilePaths": [
        "C:\\Users\\cmanu\\AppData\\Roaming\\NuGet\\NuGet.Config",
        "C:\\Program Files (x86)\\NuGet\\Config\\Microsoft.VisualStudio.Offline.config"
      ],
      "originalTargetFrameworks": [
        "netcoreapp3.1"
      ],
      "sources": {
        "C:\\Program Files (x86)\\Microsoft SDKs\\NuGetPackages\\": {},
        "https://api.nuget.org/v3/index.json": {},
        "https://dotnet.myget.org/F/nuget-build/api/v3/index.json": {}
      },
      "frameworks": {
        "netcoreapp3.1": {
          "targetAlias": "netcoreapp3.1",
          "projectReferences": {}
        }
      },
      "warningProperties": {
        "noWarn": [
          "NU1603",
          "NU1604",
          "NU1605",
          "NU1608"
        ],
        "warnAsError": [
          "NU1605"
        ]
      },
      "restoreLockProperties": {
        "restorePackagesWithLockFile": "false"
      }
    },
    "frameworks": {
      "netcoreapp3.1": {
        "targetAlias": "netcoreapp3.1",
        "dependencies": {
          "LibTestCM1": {
            "target": "Package",
            "version": "[1.0.0, )"
          },
          "Newtonsoft.Json": {
            "target": "Package",
            "version": "[12.0.3, )"
          },
          "xunit": {
            "target": "Package",
            "version": "[2.4.0, )"
          },
          "xunit.abstractions": {
            "target": "Package",
            "version": "[2.0.3, )"
          },
          "xunit.analyzers": {
            "target": "Package",
            "version": "[0.10.0, )"
          },
          "xunit.assert": {
            "target": "Package",
            "version": "[2.4.0, )"
          },
          "xunit.core": {
            "target": "Package",
            "version": "[2.4.0, )"
          },
          "xunit.extensibility.core": {
            "target": "Package",
            "version": "[2.4.0, )"
          },
          "xunit.extensibility.execution": {
            "target": "Package",
            "version": "[2.4.0, )"
          }
        },
        "imports": [
          "net461",
          "net462",
          "net47",
          "net471",
          "net472",
          "net48"
        ],
        "assetTargetFallback": true,
        "warn": true,
        "frameworkReferences": {
          "Microsoft.NETCore.App": {
            "privateAssets": "all"
          }
        },
        "runtimeIdentifierGraphPath": "C:\\Program Files\\dotnet\\sdk\\5.0.100-rc.1.20452.10\\RuntimeIdentifierGraph.json"
      }
    }
  }
}